
Microsoft Visual Studio Solution File, Format Version 12.00
# Visual Studio Version 16
VisualStudioVersion = 16.0.32428.217
MinimumVisualStudioVersion = 10.0.40219.1
Project("{FAE04EC0-301F-11D3-BF4B-00C04F79EFBC}") = "DemoPropelTestGit", "DemoPropelTestGit.csproj", "{954A0F03-A46F-4415-9BCC-AFA4D03D27FD}"
EndProject
Global
	GlobalSection(SolutionConfigurationPlatforms) = preSolution
		Debug|Any CPU = Debug|Any CPU
		Release|Any CPU = Release|Any CPU
	EndGlobalSection
	GlobalSection(ProjectConfigurationPlatforms) = postSolution
		{954A0F03-A46F-4415-9BCC-AFA4D03D27FD}.Debug|Any CPU.ActiveCfg = Debug|Any CPU
		{954A0F03-A46F-4415-9BCC-AFA4D03D27FD}.Debug|Any CPU.Build.0 = Debug|Any CPU
		{954A0F03-A46F-4415-9BCC-AFA4D03D27FD}.Release|Any CPU.ActiveCfg = Release|Any CPU
		{954A0F03-A46F-4415-9BCC-AFA4D03D27FD}.Release|Any CPU.Build.0 = Release|Any CPU
	EndGlobalSection
	GlobalSection(SolutionProperties) = preSolution
		HideSolutionNode = FALSE
	EndGlobalSection
	GlobalSection(ExtensibilityGlobals) = postSolution
		SolutionGuid = {D86C65F1-6EB5-40AE-9B46-2553378BF020}
	EndGlobalSection
EndGlobal
